dependencies:
  dc_evlog:
    component_hash: 994802a33a1a3b0124480a969fbe9a1fc294d72254b233a69cd7456fa9b52825
    dependencies:
    - name: idf
      version: '>=5.3'
    source:
      git: https://github.com/justinh-rahb/dragon-core.git
      path: components/dc_evlog
      type: git
    version: 8d5a61de8544a5b82cc3c6d9c7dc593ce06bb8bd
  dc_portal:
    component_hash: fe296ee35d0967a81daf477591125832421f499fa0eba312e45454ac99ab7079
    dependencies:
    - name: idf
      version: '>=5.3'
    source:
      git: https://github.com/justinh-rahb/dragon-core.git
      path: components/dc_portal
      type: git
    version: 8d5a61de8544a5b82cc3c6d9c7dc593ce06bb8bd
  dc_ui:
    component_hash: c18c6a1838670ca906b8efbf54b48e3d6640c14e9dd127d640392dc7df1a6348
    dependencies:
    - name: idf
      version: '>=5.3'
    source:
      git: https://github.com/justinh-rahb/dragon-core.git
      path: components/dc_ui
      type: git
    version: 8d5a61de8544a5b82cc3c6d9c7dc593ce06bb8bd
  dc_wifi:
    component_hash: b2ce5eb0f997c23db0c4140a9d3d7653a0e5a4c8b571119fbb4c7c0e10238b17
    dependencies:
    - name: idf
      version: '>=5.3'
    - name: espressif/mdns
      version: ^1.4.0
    source:
      git: https://github.com/justinh-rahb/dragon-core.git
      path: components/dc_wifi
      type: git
    version: 8d5a61de8544a5b82cc3c6d9c7dc593ce06bb8bd
  espressif/mdns:
    component_hash: 3ba256ac95e07c274be53cbd73f06cb846c403b61e8fbdf1be57bdb79db7a63e
    dependencies:
    - name: idf
      require: private
      version: '>=5.0'
    source:
      registry_url: https://components.espressif.com/
      type: service
    version: 1.12.0
  idf:
    source:
      type: idf
    version: 5.3.5
direct_dependencies:
- dc_evlog
- dc_portal
- dc_ui
- dc_wifi
manifest_hash: 079a3bf19050f3fbec9fe1fc399f46d82a24603f0495b30632f320534f56d0e1
target: esp32c2
version: 2.0.0
